
Microsoft Visual Studio Solution File, Format Version 12.00
# Visual Studio 2012
Project("{8BC9CEB8-8B4A-11D0-8D11-00A0C91BC942}") = "SleepHelper", "SleepHelper.vcxproj", "{E2D28BC6-E7B0-40B4-AFB4-7AEED166C6F6}"
EndProject
Global
	GlobalSection(SolutionConfigurationPlatforms) = preSolution
		Debug|Win32 = Debug|Win32
		Release|Win32 = Release|Win32
	EndGlobalSection
	GlobalSection(ProjectConfigurationPlatforms) = postSolution
		{E2D28BC6-E7B0-40B4-AFB4-7AEED166C6F6}.Debug|Win32.ActiveCfg = Release|Win32
		{E2D28BC6-E7B0-40B4-AFB4-7AEED166C6F6}.Debug|Win32.Build.0 = Release|Win32
		{E2D28BC6-E7B0-40B4-AFB4-7AEED166C6F6}.Release|Win32.ActiveCfg = Release|Win32
		{E2D28BC6-E7B0-40B4-AFB4-7AEED166C6F6}.Release|Win32.Build.0 = Release|Win32
	EndGlobalSection
	GlobalSection(SolutionProperties) = preSolution
		HideSolutionNode = FALSE
	EndGlobalSection
EndGlobal
